// !$*UTF8*$!
{
	archiveVersion = 1;
	classes = {
	};
	objectVersion = 56;
	objects = {

/* Begin PBXBuildFile section */
		C9888A6A2A63311C001EAA33 /* AddDrugView.swift in Sources */ = {isa = PBXBuildFile; fileRef = C9888A692A63311C001EAA33 /* AddDrugView.swift */; };
		D749C0252A620E0B0089A4BF /* aeviewApp.swift in Sources */ = {isa = PBXBuildFile; fileRef = D749C0242A620E0B0089A4BF /* aeviewApp.swift */; };
		D749C0272A620E0B0089A4BF /* ContentView.swift in Sources */ = {isa = PBXBuildFile; fileRef = D749C0262A620E0B0089A4BF /* ContentView.swift */; };
		D749C0292A620E0D0089A4BF /* Assets.xcassets in Resources */ = {isa = PBXBuildFile; fileRef = D749C0282A620E0D0089A4BF /* Assets.xcassets */; };
		D749C02C2A620E0D0089A4BF /* Preview Assets.xcassets in Resources */ = {isa = PBXBuildFile; fileRef = D749C02B2A620E0D0089A4BF /* Preview Assets.xcassets */; };
		D749C0332A6226560089A4BF /* ARViewContainer.swift in Sources */ = {isa = PBXBuildFile; fileRef = D749C0322A6226560089A4BF /* ARViewContainer.swift */; };
		D749C0352A622A0B0089A4BF /* SkeletonJoint.swift in Sources */ = {isa = PBXBuildFile; fileRef = D749C0342A622A0B0089A4BF /* SkeletonJoint.swift */; };
		D749C0372A622A400089A4BF /* SkeletonBone.swift in Sources */ = {isa = PBXBuildFile; fileRef = D749C0362A622A400089A4BF /* SkeletonBone.swift */; };
		D749C0392A622AAF0089A4BF /* Bones.swift in Sources */ = {isa = PBXBuildFile; fileRef = D749C0382A622AAF0089A4BF /* Bones.swift */; };
		D749C03B2A622D1A0089A4BF /* BodySkeleton.swift in Sources */ = {isa = PBXBuildFile; fileRef = D749C03A2A622D1A0089A4BF /* BodySkeleton.swift */; };
		D7D8B7442A6335CA00908339 /* CollisionPlaneEntity.swift in Sources */ = {isa = PBXBuildFile; fileRef = D7D8B7432A6335CA00908339 /* CollisionPlaneEntity.swift */; };
		D7D8B7462A634DA100908339 /* LandmarkingARView.swift in Sources */ = {isa = PBXBuildFile; fileRef = D7D8B7452A634DA100908339 /* LandmarkingARView.swift */; };
		D7D8B74C2A63611900908339 /* PersistentData.swift in Sources */ = {isa = PBXBuildFile; fileRef = D7D8B74B2A63611900908339 /* PersistentData.swift */; };
		D7E3EDDA2A62FB76002F9BF5 /* ARInjectionNode.swift in Sources */ = {isa = PBXBuildFile; fileRef = D7E3EDD92A62FB76002F9BF5 /* ARInjectionNode.swift */; };
/* End PBXBuildFile section */

/* Begin PBXFileReference section */
		C9888A692A63311C001EAA33 /* AddDrugView.swift */ = {isa = PBXFileReference; lastKnownFileType = sourcecode.swift; path = AddDrugView.swift; sourceTree = "<group>"; };
		D749C0212A620E0B0089A4BF /* aeview.app */ = {isa = PBXFileReference; explicitFileType = wrapper.application; includeInIndex = 0; path = aeview.app; sourceTree = BUILT_PRODUCTS_DIR; };
		D749C0242A620E0B0089A4BF /* aeviewApp.swift */ = {isa = PBXFileReference; lastKnownFileType = sourcecode.swift; path = aeviewApp.swift; sourceTree = "<group>"; };
		D749C0262A620E0B0089A4BF /* ContentView.swift */ = {isa = PBXFileReference; lastKnownFileType = sourcecode.swift; path = ContentView.swift; sourceTree = "<group>"; };
		D749C0282A620E0D0089A4BF /* Assets.xcassets */ = {isa = PBXFileReference; lastKnownFileType = folder.assetcatalog; path = Assets.xcassets; sourceTree = "<group>"; };
		D749C02B2A620E0D0089A4BF /* Preview Assets.xcassets */ = {isa = PBXFileReference; lastKnownFileType = folder.assetcatalog; path = "Preview Assets.xcassets"; sourceTree = "<group>"; };
		D749C0322A6226560089A4BF /* ARViewContainer.swift */ = {isa = PBXFileReference; lastKnownFileType = sourcecode.swift; path = ARViewContainer.swift; sourceTree = "<group>"; };
		D749C0342A622A0B0089A4BF /* SkeletonJoint.swift */ = {isa = PBXFileReference; lastKnownFileType = sourcecode.swift; path = SkeletonJoint.swift; sourceTree = "<group>"; };
		D749C0362A622A400089A4BF /* SkeletonBone.swift */ = {isa = PBXFileReference; lastKnownFileType = sourcecode.swift; path = SkeletonBone.swift; sourceTree = "<group>"; };
		D749C0382A622AAF0089A4BF /* Bones.swift */ = {isa = PBXFileReference; lastKnownFileType = sourcecode.swift; path = Bones.swift; sourceTree = "<group>"; };
		D749C03A2A622D1A0089A4BF /* BodySkeleton.swift */ = {isa = PBXFileReference; lastKnownFileType = sourcecode.swift; path = BodySkeleton.swift; sourceTree = "<group>"; };
		D7D8B7432A6335CA00908339 /* CollisionPlaneEntity.swift */ = {isa = PBXFileReference; lastKnownFileType = sourcecode.swift; path = CollisionPlaneEntity.swift; sourceTree = "<group>"; };
		D7D8B7452A634DA100908339 /* LandmarkingARView.swift */ = {isa = PBXFileReference; lastKnownFileType = sourcecode.swift; path = LandmarkingARView.swift; sourceTree = "<group>"; };
		D7D8B74B2A63611900908339 /* PersistentData.swift */ = {isa = PBXFileReference; lastKnownFileType = sourcecode.swift; path = PersistentData.swift; sourceTree = "<group>"; };
		D7E3EDD92A62FB76002F9BF5 /* ARInjectionNode.swift */ = {isa = PBXFileReference; lastKnownFileType = sourcecode.swift; path = ARInjectionNode.swift; sourceTree = "<group>"; };
/* End PBXFileReference section */

/* Begin PBXFrameworksBuildPhase section */
		D749C01E2A620E0B0089A4BF /* Frameworks */ = {
			isa = PBXFrameworksBuildPhase;
			buildActionMask = 2147483647;
			files = (
			);
			runOnlyForDeploymentPostprocessing = 0;
		};
/* End PBXFrameworksBuildPhase section */

/* Begin PBXGroup section */
		D749C0182A620E0B0089A4BF = {
			isa = PBXGroup;
			children = (
				D749C0232A620E0B0089A4BF /* aeview */,
				D749C0222A620E0B0089A4BF /* Products */,
			);
			sourceTree = "<group>";
		};
		D749C0222A620E0B0089A4BF /* Products */ = {
			isa = PBXGroup;
			children = (
				D749C0212A620E0B0089A4BF /* aeview.app */,
			);
			name = Products;
			sourceTree = "<group>";
		};
		D749C0232A620E0B0089A4BF /* aeview */ = {
			isa = PBXGroup;
			children = (
				D7D8B74B2A63611900908339 /* PersistentData.swift */,
				D749C0362A622A400089A4BF /* SkeletonBone.swift */,
				D749C0242A620E0B0089A4BF /* aeviewApp.swift */,
				D749C0262A620E0B0089A4BF /* ContentView.swift */,
				D749C0322A6226560089A4BF /* ARViewContainer.swift */,
				D749C0342A622A0B0089A4BF /* SkeletonJoint.swift */,
				D749C0282A620E0D0089A4BF /* Assets.xcassets */,
				D749C02A2A620E0D0089A4BF /* Preview Content */,
				D749C0382A622AAF0089A4BF /* Bones.swift */,
				D749C03A2A622D1A0089A4BF /* BodySkeleton.swift */,
				C9888A692A63311C001EAA33 /* AddDrugView.swift */,
				D7E3EDD92A62FB76002F9BF5 /* ARInjectionNode.swift */,
				D7D8B7432A6335CA00908339 /* CollisionPlaneEntity.swift */,
				D7D8B7452A634DA100908339 /* LandmarkingARView.swift */,
			);
			path = aeview;
			sourceTree = "<group>";
		};
		D749C02A2A620E0D0089A4BF /* Preview Content */ = {
			isa = PBXGroup;
			children = (
				D749C02B2A620E0D0089A4BF /* Preview Assets.xcassets */,
			);
			path = "Preview Content";
			sourceTree = "<group>";
		};
/* End PBXGroup section */

/* Begin PBXNativeTarget section */
		D749C0202A620E0B0089A4BF /* aeview */ = {
			isa = PBXNativeTarget;
			buildConfigurationList = D749C02F2A620E0D0089A4BF /* Build configuration list for PBXNativeTarget "aeview" */;
			buildPhases = (
				D749C01D2A620E0B0089A4BF /* Sources */,
				D749C01E2A620E0B0089A4BF /* Frameworks */,
				D749C01F2A620E0B0089A4BF /* Resources */,
			);
			buildRules = (
			);
			dependencies = (
			);
			name = aeview;
			productName = aeview;
			productReference = D749C0212A620E0B0089A4BF /* aeview.app */;
			productType = "com.apple.product-type.application";
		};
/* End PBXNativeTarget section */

/* Begin PBXProject section */
		D749C0192A620E0B0089A4BF /* Project object */ = {
			isa = PBXProject;
			attributes = {
				BuildIndependentTargetsInParallel = 1;
				LastSwiftUpdateCheck = 1430;
				LastUpgradeCheck = 1430;
				TargetAttributes = {
					D749C0202A620E0B0089A4BF = {
						CreatedOnToolsVersion = 14.3.1;
					};
				};
			};
			buildConfigurationList = D749C01C2A620E0B0089A4BF /* Build configuration list for PBXProject "aeview" */;
			compatibilityVersion = "Xcode 14.0";
			developmentRegion = en;
			hasScannedForEncodings = 0;
			knownRegions = (
				en,
				Base,
			);
			mainGroup = D749C0182A620E0B0089A4BF;
			productRefGroup = D749C0222A620E0B0089A4BF /* Products */;
			projectDirPath = "";
			projectRoot = "";
			targets = (
				D749C0202A620E0B0089A4BF /* aeview */,
			);
		};
/* End PBXProject section */

/* Begin PBXResourcesBuildPhase section */
		D749C01F2A620E0B0089A4BF /* Resources */ = {
			isa = PBXResourcesBuildPhase;
			buildActionMask = 2147483647;
			files = (
				D749C02C2A620E0D0089A4BF /* Preview Assets.xcassets in Resources */,
				D749C0292A620E0D0089A4BF /* Assets.xcassets in Resources */,
			);
			runOnlyForDeploymentPostprocessing = 0;
		};
/* End PBXResourcesBuildPhase section */

/* Begin PBXSourcesBuildPhase section */
		D749C01D2A620E0B0089A4BF /* Sources */ = {
			isa = PBXSourcesBuildPhase;
			buildActionMask = 2147483647;
			files = (
				D749C03B2A622D1A0089A4BF /* BodySkeleton.swift in Sources */,
				D7D8B7462A634DA100908339 /* LandmarkingARView.swift in Sources */,
				D749C0272A620E0B0089A4BF /* ContentView.swift in Sources */,
				C9888A6A2A63311C001EAA33 /* AddDrugView.swift in Sources */,
				D749C0392A622AAF0089A4BF /* Bones.swift in Sources */,
				D749C0372A622A400089A4BF /* SkeletonBone.swift in Sources */,
				D7D8B74C2A63611900908339 /* PersistentData.swift in Sources */,
				D7E3EDDA2A62FB76002F9BF5 /* ARInjectionNode.swift in Sources */,
				D749C0252A620E0B0089A4BF /* aeviewApp.swift in Sources */,
				D7D8B7442A6335CA00908339 /* CollisionPlaneEntity.swift in Sources */,
				D749C0332A6226560089A4BF /* ARViewContainer.swift in Sources */,
				D749C0352A622A0B0089A4BF /* SkeletonJoint.swift in Sources */,
			);
			runOnlyForDeploymentPostprocessing = 0;
		};
/* End PBXSourcesBuildPhase section */

/* Begin XCBuildConfiguration section */
		D749C02D2A620E0D0089A4BF /* Debug */ = {
			isa = XCBuildConfiguration;
			buildSettings = {
				ALWAYS_SEARCH_USER_PATHS = NO;
				CLANG_ANALYZER_NONNULL = YES;
				CLANG_ANALYZER_NUMBER_OBJECT_CONVERSION = YES_AGGRESSIVE;
				CLANG_CXX_LANGUAGE_STANDARD = "gnu++20";
				CLANG_ENABLE_MODULES = YES;
				CLANG_ENABLE_OBJC_ARC = YES;
				CLANG_ENABLE_OBJC_WEAK = YES;
				CLANG_WARN_BLOCK_CAPTURE_AUTORELEASING = YES;
				CLANG_WARN_BOOL_CONVERSION = YES;
				CLANG_WARN_COMMA = YES;
				CLANG_WARN_CONSTANT_CONVERSION = YES;
				CLANG_WARN_DEPRECATED_OBJC_IMPLEMENTATIONS = YES;
				CLANG_WARN_DIRECT_OBJC_ISA_USAGE = YES_ERROR;
				CLANG_WARN_DOCUMENTATION_COMMENTS = YES;
				CLANG_WARN_EMPTY_BODY = YES;
				CLANG_WARN_ENUM_CONVERSION = YES;
				CLANG_WARN_INFINITE_RECURSION = YES;
				CLANG_WARN_INT_CONVERSION = YES;
				CLANG_WARN_NON_LITERAL_NULL_CONVERSION = YES;
				CLANG_WARN_OBJC_IMPLICIT_RETAIN_SELF = YES;
				CLANG_WARN_OBJC_LITERAL_CONVERSION = YES;
				CLANG_WARN_OBJC_ROOT_CLASS = YES_ERROR;
				CLANG_WARN_QUOTED_INCLUDE_IN_FRAMEWORK_HEADER = YES;
				CLANG_WARN_RANGE_LOOP_ANALYSIS = YES;
				CLANG_WARN_STRICT_PROTOTYPES = YES;
				CLANG_WARN_SUSPICIOUS_MOVE = YES;
				CLANG_WARN_UNGUARDED_AVAILABILITY = YES_AGGRESSIVE;
				CLANG_WARN_UNREACHABLE_CODE = YES;
				CLANG_WARN__DUPLICATE_METHOD_MATCH = YES;
				COPY_PHASE_STRIP = NO;
				DEBUG_INFORMATION_FORMAT = dwarf;
				ENABLE_STRICT_OBJC_MSGSEND = YES;
				ENABLE_TESTABILITY = YES;
				GCC_C_LANGUAGE_STANDARD = gnu11;
				GCC_DYNAMIC_NO_PIC = NO;
				GCC_NO_COMMON_BLOCKS = YES;
				GCC_OPTIMIZATION_LEVEL = 0;
				GCC_PREPROCESSOR_DEFINITIONS = (
					"DEBUG=1",
					"$(inherited)",
				);
				GCC_WARN_64_TO_32_BIT_CONVERSION = YES;
				GCC_WARN_ABOUT_RETURN_TYPE = YES_ERROR;
				GCC_WARN_UNDECLARED_SELECTOR = YES;
				GCC_WARN_UNINITIALIZED_AUTOS = YES_AGGRESSIVE;
				GCC_WARN_UNUSED_FUNCTION = YES;
				GCC_WARN_UNUSED_VARIABLE = YES;
				IPHONEOS_DEPLOYMENT_TARGET = 16.4;
				MTL_ENABLE_DEBUG_INFO = INCLUDE_SOURCE;
				MTL_FAST_MATH = YES;
				ONLY_ACTIVE_ARCH = YES;
				SDKROOT = iphoneos;
				SWIFT_ACTIVE_COMPILATION_CONDITIONS = DEBUG;
				SWIFT_OPTIMIZATION_LEVEL = "-Onone";
			};
			name = Debug;
		};
		D749C02E2A620E0D0089A4BF /* Release */ = {
			isa = XCBuildConfiguration;
			buildSettings = {
				ALWAYS_SEARCH_USER_PATHS = NO;
				CLANG_ANALYZER_NONNULL = YES;
				CLANG_ANALYZER_NUMBER_OBJECT_CONVERSION = YES_AGGRESSIVE;
				CLANG_CXX_LANGUAGE_STANDARD = "gnu++20";
				CLANG_ENABLE_MODULES = YES;
				CLANG_ENABLE_OBJC_ARC = YES;
				CLANG_ENABLE_OBJC_WEAK = YES;
				CLANG_WARN_BLOCK_CAPTURE_AUTORELEASING = YES;
				CLANG_WARN_BOOL_CONVERSION = YES;
				CLANG_WARN_COMMA = YES;
				CLANG_WARN_CONSTANT_CONVERSION = YES;
				CLANG_WARN_DEPRECATED_OBJC_IMPLEMENTATIONS = YES;
				CLANG_WARN_DIRECT_OBJC_ISA_USAGE = YES_ERROR;
				CLANG_WARN_DOCUMENTATION_COMMENTS = YES;
				CLANG_WARN_EMPTY_BODY = YES;
				CLANG_WARN_ENUM_CONVERSION = YES;
				CLANG_WARN_INFINITE_RECURSION = YES;
				CLANG_WARN_INT_CONVERSION = YES;
				CLANG_WARN_NON_LITERAL_NULL_CONVERSION = YES;
				CLANG_WARN_OBJC_IMPLICIT_RETAIN_SELF = YES;
				CLANG_WARN_OBJC_LITERAL_CONVERSION = YES;
				CLANG_WARN_OBJC_ROOT_CLASS = YES_ERROR;
				CLANG_WARN_QUOTED_INCLUDE_IN_FRAMEWORK_HEADER = YES;
				CLANG_WARN_RANGE_LOOP_ANALYSIS = YES;
				CLANG_WARN_STRICT_PROTOTYPES = YES;
				CLANG_WARN_SUSPICIOUS_MOVE = YES;
				CLANG_WARN_UNGUARDED_AVAILABILITY = YES_AGGRESSIVE;
				CLANG_WARN_UNREACHABLE_CODE = YES;
				CLANG_WARN__DUPLICATE_METHOD_MATCH = YES;
				COPY_PHASE_STRIP = NO;
				DEBUG_INFORMATION_FORMAT = "dwarf-with-dsym";
				ENABLE_NS_ASSERTIONS = NO;
				ENABLE_STRICT_OBJC_MSGSEND = YES;
				GCC_C_LANGUAGE_STANDARD = gnu11;
				GCC_NO_COMMON_BLOCKS = YES;
				GCC_WARN_64_TO_32_BIT_CONVERSION = YES;
				GCC_WARN_ABOUT_RETURN_TYPE = YES_ERROR;
				GCC_WARN_UNDECLARED_SELECTOR = YES;
				GCC_WARN_UNINITIALIZED_AUTOS = YES_AGGRESSIVE;
				GCC_WARN_UNUSED_FUNCTION = YES;
				GCC_WARN_UNUSED_VARIABLE = YES;
				IPHONEOS_DEPLOYMENT_TARGET = 16.4;
				MTL_ENABLE_DEBUG_INFO = NO;
				MTL_FAST_MATH = YES;
				SDKROOT = iphoneos;
				SWIFT_COMPILATION_MODE = wholemodule;
				SWIFT_OPTIMIZATION_LEVEL = "-O";
				VALIDATE_PRODUCT = YES;
			};
			name = Release;
		};
		D749C0302A620E0D0089A4BF /* Debug */ = {
			isa = XCBuildConfiguration;
			buildSettings = {
				ASSETCATALOG_COMPILER_APPICON_NAME = AppIcon;
				ASSETCATALOG_COMPILER_GLOBAL_ACCENT_COLOR_NAME = AccentColor;
				CODE_SIGN_STYLE = Automatic;
				CURRENT_PROJECT_VERSION = 1;
				DEVELOPMENT_ASSET_PATHS = "\"aeview/Preview Content\"";
				DEVELOPMENT_TEAM = LKLHZWRD5Y;
				ENABLE_PREVIEWS = YES;
				GENERATE_INFOPLIST_FILE = YES;
				INFOPLIST_KEY_NSCameraUsageDescription = "AeView needs access to the camera in order to access augmented reality features";
				INFOPLIST_KEY_UIApplicationSceneManifest_Generation = YES;
				INFOPLIST_KEY_UIApplicationSupportsIndirectInputEvents = YES;
				INFOPLIST_KEY_UILaunchScreen_Generation = YES;
				INFOPLIST_KEY_UISupportedInterfaceOrientations_iPad = "UIInterfaceOrientationPortrait UIInterfaceOrientationPortraitUpsideDown UIInterfaceOrientationLandscapeLeft UIInterfaceOrientationLandscapeRight";
				INFOPLIST_KEY_UISupportedInterfaceOrientations_iPhone = "UIInterfaceOrientationPortrait UIInterfaceOrientationLandscapeLeft UIInterfaceOrientationLandscapeRight";
				LD_RUNPATH_SEARCH_PATHS = (
					"$(inherited)",
					"@executable_path/Frameworks",
				);
				MARKETING_VERSION = 1.0;
				PRODUCT_BUNDLE_IDENTIFIER = com.jxzheng.aeview;
				PRODUCT_NAME = "$(TARGET_NAME)";
				SWIFT_EMIT_LOC_STRINGS = YES;
				SWIFT_VERSION = 5.0;
				TARGETED_DEVICE_FAMILY = "1,2";
			};
			name = Debug;
		};
		D749C0312A620E0D0089A4BF /* Release */ = {
			isa = XCBuildConfiguration;
			buildSettings = {
				ASSETCATALOG_COMPILER_APPICON_NAME = AppIcon;
				ASSETCATALOG_COMPILER_GLOBAL_ACCENT_COLOR_NAME = AccentColor;
				CODE_SIGN_STYLE = Automatic;
				CURRENT_PROJECT_VERSION = 1;
				DEVELOPMENT_ASSET_PATHS = "\"aeview/Preview Content\"";
				DEVELOPMENT_TEAM = LKLHZWRD5Y;
				ENABLE_PREVIEWS = YES;
				GENERATE_INFOPLIST_FILE = YES;
				INFOPLIST_KEY_NSCameraUsageDescription = "AeView needs access to the camera in order to access augmented reality features";
				INFOPLIST_KEY_UIApplicationSceneManifest_Generation = YES;
				INFOPLIST_KEY_UIApplicationSupportsIndirectInputEvents = YES;
				INFOPLIST_KEY_UILaunchScreen_Generation = YES;
				INFOPLIST_KEY_UISupportedInterfaceOrientations_iPad = "UIInterfaceOrientationPortrait UIInterfaceOrientationPortraitUpsideDown UIInterfaceOrientationLandscapeLeft UIInterfaceOrientationLandscapeRight";
				INFOPLIST_KEY_UISupportedInterfaceOrientations_iPhone = "UIInterfaceOrientationPortrait UIInterfaceOrientationLandscapeLeft UIInterfaceOrientationLandscapeRight";
				LD_RUNPATH_SEARCH_PATHS = (
					"$(inherited)",
					"@executable_path/Frameworks",
				);
				MARKETING_VERSION = 1.0;
				PRODUCT_BUNDLE_IDENTIFIER = com.jxzheng.aeview;
				PRODUCT_NAME = "$(TARGET_NAME)";
				SWIFT_EMIT_LOC_STRINGS = YES;
				SWIFT_VERSION = 5.0;
				TARGETED_DEVICE_FAMILY = "1,2";
			};
			name = Release;
		};
/* End XCBuildConfiguration section */

/* Begin XCConfigurationList section */
		D749C01C2A620E0B0089A4BF /* Build configuration list for PBXProject "aeview" */ = {
			isa = XCConfigurationList;
			buildConfigurations = (
				D749C02D2A620E0D0089A4BF /* Debug */,
				D749C02E2A620E0D0089A4BF /* Release */,
			);
			defaultConfigurationIsVisible = 0;
			defaultConfigurationName = Release;
		};
		D749C02F2A620E0D0089A4BF /* Build configuration list for PBXNativeTarget "aeview" */ = {
			isa = XCConfigurationList;
			buildConfigurations = (
				D749C0302A620E0D0089A4BF /* Debug */,
				D749C0312A620E0D0089A4BF /* Release */,
			);
			defaultConfigurationIsVisible = 0;
			defaultConfigurationName = Release;
		};
/* End XCConfigurationList section */
	};
	rootObject = D749C0192A620E0B0089A4BF /* Project object */;
}
